{
  "object": {
    "pins": [
      {
        "package": "FeistyDB",
        "repositoryURL": "https://github.com/wildthink/FeistyDB",
        "state": {
          "branch": "master",
          "revision": "d6c846295f096567526946ab0f1eefed95b1ac94",
          "version": null
        }
      },
      {
        "package": "Runtime",
        "repositoryURL": "https://github.com/wildthink/Runtime",
        "state": {
          "branch": "master",
          "revision": "5142883097af2620c37944fad538f94476ace878",
          "version": null
        }
      }
    ]
  },
  "version": 1
}
